// !$*UTF8*$!
{
	archiveVersion = 1;
	classes = {
	};
	objectVersion = 50;
	objects = {

/* Begin PBXBuildFile section */
		40A89BA9217FB7A60024948F /* MovieDetails.swift in Sources */ = {isa = PBXBuildFile; fileRef = 40A89BA8217FB7A60024948F /* MovieDetails.swift */; };
		40A89BAB217FB8210024948F /* GetMovie.swift in Sources */ = {isa = PBXBuildFile; fileRef = 40A89BAA217FB8210024948F /* GetMovie.swift */; };
		40A89BAD217FB9410024948F /* Parsable.swift in Sources */ = {isa = PBXBuildFile; fileRef = 40A89BAC217FB9410024948F /* Parsable.swift */; };
		40EC96F4217BC24F009AE660 /* MDBProvider.framework in Frameworks */ = {isa = PBXBuildFile; fileRef = 40EC96EA217BC24E009AE660 /* MDBProvider.framework */; };
		40EC96F9217BC24F009AE660 /* MDBProviderTests.swift in Sources */ = {isa = PBXBuildFile; fileRef = 40EC96F8217BC24F009AE660 /* MDBProviderTests.swift */; };
		40EC96FB217BC24F009AE660 /* MDBProvider.h in Headers */ = {isa = PBXBuildFile; fileRef = 40EC96ED217BC24E009AE660 /* MDBProvider.h */; settings = {ATTRIBUTES = (Public, ); }; };
		40EC9705217BC40D009AE660 /* Endpoint.swift in Sources */ = {isa = PBXBuildFile; fileRef = 40EC9704217BC40D009AE660 /* Endpoint.swift */; };
		40EC9709217BC4A8009AE660 /* NowPlaying.swift in Sources */ = {isa = PBXBuildFile; fileRef = 40EC9708217BC4A8009AE660 /* NowPlaying.swift */; };
		40EC970C217BC4E9009AE660 /* Search.swift in Sources */ = {isa = PBXBuildFile; fileRef = 40EC970B217BC4E9009AE660 /* Search.swift */; };
		40F8217A217CF30600B55CDF /* MDBProvider.swift in Sources */ = {isa = PBXBuildFile; fileRef = 40F82179217CF30600B55CDF /* MDBProvider.swift */; };
		40F8217D217D061800B55CDF /* SecureSeeeion.swift in Sources */ = {isa = PBXBuildFile; fileRef = 40F8217C217D061800B55CDF /* SecureSeeeion.swift */; };
		40F82181217D0D2500B55CDF /* EnvironmentConfiguration.swift in Sources */ = {isa = PBXBuildFile; fileRef = 40F82180217D0D2500B55CDF /* EnvironmentConfiguration.swift */; };
		40F82184217D0F3C00B55CDF /* config.plist in Resources */ = {isa = PBXBuildFile; fileRef = 40F82183217D0F3C00B55CDF /* config.plist */; };
		40F82188217D161D00B55CDF /* Movie.swift in Sources */ = {isa = PBXBuildFile; fileRef = 40F82187217D161D00B55CDF /* Movie.swift */; };
		40F8218A217D176E00B55CDF /* Response.swift in Sources */ = {isa = PBXBuildFile; fileRef = 40F82189217D176E00B55CDF /* Response.swift */; };
		40F8226C217E85E900B55CDF /* *.themoviedb.org.cer in Resources */ = {isa = PBXBuildFile; fileRef = 40F8226B217E85E900B55CDF /* *.themoviedb.org.cer */; };
		40FD56CE2181FB77007BACD7 /* ImageLoader.swift in Sources */ = {isa = PBXBuildFile; fileRef = 40FD56CD2181FB77007BACD7 /* ImageLoader.swift */; };
		40FD56D021824F58007BACD7 /* EndpointUrlBuilderTest.swift in Sources */ = {isa = PBXBuildFile; fileRef = 40FD56CF21824F58007BACD7 /* EndpointUrlBuilderTest.swift */; };
		40FD56D221825D32007BACD7 /* *.tmdb.org.cer in Resources */ = {isa = PBXBuildFile; fileRef = 40FD56D121825D32007BACD7 /* *.tmdb.org.cer */; };
/* End PBXBuildFile section */

/* Begin PBXContainerItemProxy section */
		40EC96F5217BC24F009AE660 /* PBXContainerItemProxy */ = {
			isa = PBXContainerItemProxy;
			containerPortal = 40EC96E1217BC24E009AE660 /* Project object */;
			proxyType = 1;
			remoteGlobalIDString = 40EC96E9217BC24E009AE660;
			remoteInfo = MDBProvider;
		};
/* End PBXContainerItemProxy section */

/* Begin PBXFileReference section */
		40A89BA8217FB7A60024948F /* MovieDetails.swift */ = {isa = PBXFileReference; lastKnownFileType = sourcecode.swift; path = MovieDetails.swift; sourceTree = "<group>"; };
		40A89BAA217FB8210024948F /* GetMovie.swift */ = {isa = PBXFileReference; lastKnownFileType = sourcecode.swift; path = GetMovie.swift; sourceTree = "<group>"; };
		40A89BAC217FB9410024948F /* Parsable.swift */ = {isa = PBXFileReference; lastKnownFileType = sourcecode.swift; path = Parsable.swift; sourceTree = "<group>"; };
		40EC96EA217BC24E009AE660 /* MDBProvider.framework */ = {isa = PBXFileReference; explicitFileType = wrapper.framework; includeInIndex = 0; path = MDBProvider.framework; sourceTree = BUILT_PRODUCTS_DIR; };
		40EC96ED217BC24E009AE660 /* MDBProvider.h */ = {isa = PBXFileReference; lastKnownFileType = sourcecode.c.h; path = MDBProvider.h; sourceTree = "<group>"; };
		40EC96EE217BC24E009AE660 /* Info.plist */ = {isa = PBXFileReference; lastKnownFileType = text.plist.xml; path = Info.plist; sourceTree = "<group>"; };
		40EC96F3217BC24F009AE660 /* MDBProviderTests.xctest */ = {isa = PBXFileReference; explicitFileType = wrapper.cfbundle; includeInIndex = 0; path = MDBProviderTests.xctest; sourceTree = BUILT_PRODUCTS_DIR; };
		40EC96F8217BC24F009AE660 /* MDBProviderTests.swift */ = {isa = PBXFileReference; lastKnownFileType = sourcecode.swift; path = MDBProviderTests.swift; sourceTree = "<group>"; };
		40EC96FA217BC24F009AE660 /* Info.plist */ = {isa = PBXFileReference; lastKnownFileType = text.plist.xml; path = Info.plist; sourceTree = "<group>"; };
		40EC9704217BC40D009AE660 /* Endpoint.swift */ = {isa = PBXFileReference; lastKnownFileType = sourcecode.swift; path = Endpoint.swift; sourceTree = "<group>"; };
		40EC9708217BC4A8009AE660 /* NowPlaying.swift */ = {isa = PBXFileReference; lastKnownFileType = sourcecode.swift; path = NowPlaying.swift; sourceTree = "<group>"; };
		40EC970B217BC4E9009AE660 /* Search.swift */ = {isa = PBXFileReference; lastKnownFileType = sourcecode.swift; path = Search.swift; sourceTree = "<group>"; };
		40F82179217CF30600B55CDF /* MDBProvider.swift */ = {isa = PBXFileReference; lastKnownFileType = sourcecode.swift; path = MDBProvider.swift; sourceTree = "<group>"; };
		40F8217C217D061800B55CDF /* SecureSeeeion.swift */ = {isa = PBXFileReference; lastKnownFileType = sourcecode.swift; path = SecureSeeeion.swift; sourceTree = "<group>"; };
		40F82180217D0D2500B55CDF /* EnvironmentConfiguration.swift */ = {isa = PBXFileReference; lastKnownFileType = sourcecode.swift; path = EnvironmentConfiguration.swift; sourceTree = "<group>"; };
		40F82183217D0F3C00B55CDF /* config.plist */ = {isa = PBXFileReference; lastKnownFileType = text.plist.xml; path = config.plist; sourceTree = "<group>"; };
		40F82187217D161D00B55CDF /* Movie.swift */ = {isa = PBXFileReference; lastKnownFileType = sourcecode.swift; path = Movie.swift; sourceTree = "<group>"; };
		40F82189217D176E00B55CDF /* Response.swift */ = {isa = PBXFileReference; lastKnownFileType = sourcecode.swift; path = Response.swift; sourceTree = "<group>"; };
		40F8226B217E85E900B55CDF /* *.themoviedb.org.cer */ = {isa = PBXFileReference; lastKnownFileType = file; path = "*.themoviedb.org.cer"; sourceTree = "<group>"; };
		40FD56CD2181FB77007BACD7 /* ImageLoader.swift */ = {isa = PBXFileReference; lastKnownFileType = sourcecode.swift; path = ImageLoader.swift; sourceTree = "<group>"; };
		40FD56CF21824F58007BACD7 /* EndpointUrlBuilderTest.swift */ = {isa = PBXFileReference; lastKnownFileType = sourcecode.swift; path = EndpointUrlBuilderTest.swift; sourceTree = "<group>"; };
		40FD56D121825D32007BACD7 /* *.tmdb.org.cer */ = {isa = PBXFileReference; lastKnownFileType = file; path = "*.tmdb.org.cer"; sourceTree = "<group>"; };
/* End PBXFileReference section */

/* Begin PBXFrameworksBuildPhase section */
		40EC96E7217BC24E009AE660 /* Frameworks */ = {
			isa = PBXFrameworksBuildPhase;
			buildActionMask = 2147483647;
			files = (
			);
			runOnlyForDeploymentPostprocessing = 0;
		};
		40EC96F0217BC24F009AE660 /* Frameworks */ = {
			isa = PBXFrameworksBuildPhase;
			buildActionMask = 2147483647;
			files = (
				40EC96F4217BC24F009AE660 /* MDBProvider.framework in Frameworks */,
			);
			runOnlyForDeploymentPostprocessing = 0;
		};
/* End PBXFrameworksBuildPhase section */

/* Begin PBXGroup section */
		40EC96E0217BC24E009AE660 = {
			isa = PBXGroup;
			children = (
				40EC96EC217BC24E009AE660 /* MDBProvider */,
				40EC96F7217BC24F009AE660 /* MDBProviderTests */,
				40EC96EB217BC24E009AE660 /* Products */,
			);
			sourceTree = "<group>";
		};
		40EC96EB217BC24E009AE660 /* Products */ = {
			isa = PBXGroup;
			children = (
				40EC96EA217BC24E009AE660 /* MDBProvider.framework */,
				40EC96F3217BC24F009AE660 /* MDBProviderTests.xctest */,
			);
			name = Products;
			sourceTree = "<group>";
		};
		40EC96EC217BC24E009AE660 /* MDBProvider */ = {
			isa = PBXGroup;
			children = (
				40F82182217D0F1B00B55CDF /* Meta */,
				40EC9707217BC449009AE660 /* Model */,
				40EC9706217BC440009AE660 /* Endpoints */,
				40F8217B217D060500B55CDF /* Utilities */,
				40F82179217CF30600B55CDF /* MDBProvider.swift */,
				40EC96EE217BC24E009AE660 /* Info.plist */,
				40F82183217D0F3C00B55CDF /* config.plist */,
			);
			path = MDBProvider;
			sourceTree = "<group>";
		};
		40EC96F7217BC24F009AE660 /* MDBProviderTests */ = {
			isa = PBXGroup;
			children = (
				40EC96F8217BC24F009AE660 /* MDBProviderTests.swift */,
				40EC96FA217BC24F009AE660 /* Info.plist */,
				40FD56CF21824F58007BACD7 /* EndpointUrlBuilderTest.swift */,
			);
			path = MDBProviderTests;
			sourceTree = "<group>";
		};
		40EC9706217BC440009AE660 /* Endpoints */ = {
			isa = PBXGroup;
			children = (
				40EC9704217BC40D009AE660 /* Endpoint.swift */,
				40EC970A217BC4AE009AE660 /* Movies */,
				40FD56CC2181FB53007BACD7 /* Images */,
			);
			path = Endpoints;
			sourceTree = "<group>";
		};
		40EC9707217BC449009AE660 /* Model */ = {
			isa = PBXGroup;
			children = (
				40F82187217D161D00B55CDF /* Movie.swift */,
				40F82189217D176E00B55CDF /* Response.swift */,
				40A89BA8217FB7A60024948F /* MovieDetails.swift */,
			);
			path = Model;
			sourceTree = "<group>";
		};
		40EC970A217BC4AE009AE660 /* Movies */ = {
			isa = PBXGroup;
			children = (
				40EC9708217BC4A8009AE660 /* NowPlaying.swift */,
				40EC970B217BC4E9009AE660 /* Search.swift */,
				40A89BAA217FB8210024948F /* GetMovie.swift */,
			);
			path = Movies;
			sourceTree = "<group>";
		};
		40F8217B217D060500B55CDF /* Utilities */ = {
			isa = PBXGroup;
			children = (
				40F82180217D0D2500B55CDF /* EnvironmentConfiguration.swift */,
				40F8217C217D061800B55CDF /* SecureSeeeion.swift */,
				40A89BAC217FB9410024948F /* Parsable.swift */,
			);
			path = Utilities;
			sourceTree = "<group>";
		};
		40F82182217D0F1B00B55CDF /* Meta */ = {
			isa = PBXGroup;
			children = (
				40FD56D121825D32007BACD7 /* *.tmdb.org.cer */,
				40F8226B217E85E900B55CDF /* *.themoviedb.org.cer */,
				40EC96ED217BC24E009AE660 /* MDBProvider.h */,
			);
			path = Meta;
			sourceTree = "<group>";
		};
		40FD56CC2181FB53007BACD7 /* Images */ = {
			isa = PBXGroup;
			children = (
				40FD56CD2181FB77007BACD7 /* ImageLoader.swift */,
			);
			path = Images;
			sourceTree = "<group>";
		};
/* End PBXGroup section */

/* Begin PBXHeadersBuildPhase section */
		40EC96E5217BC24E009AE660 /* Headers */ = {
			isa = PBXHeadersBuildPhase;
			buildActionMask = 2147483647;
			files = (
				40EC96FB217BC24F009AE660 /* MDBProvider.h in Headers */,
			);
			runOnlyForDeploymentPostprocessing = 0;
		};
/* End PBXHeadersBuildPhase section */

/* Begin PBXNativeTarget section */
		40EC96E9217BC24E009AE660 /* MDBProvider */ = {
			isa = PBXNativeTarget;
			buildConfigurationList = 40EC96FE217BC24F009AE660 /* Build configuration list for PBXNativeTarget "MDBProvider" */;
			buildPhases = (
				40EC96E5217BC24E009AE660 /* Headers */,
				40EC96E6217BC24E009AE660 /* Sources */,
				40EC96E7217BC24E009AE660 /* Frameworks */,
				40EC96E8217BC24E009AE660 /* Resources */,
			);
			buildRules = (
			);
			dependencies = (
			);
			name = MDBProvider;
			productName = MDBProvider;
			productReference = 40EC96EA217BC24E009AE660 /* MDBProvider.framework */;
			productType = "com.apple.product-type.framework";
		};
		40EC96F2217BC24F009AE660 /* MDBProviderTests */ = {
			isa = PBXNativeTarget;
			buildConfigurationList = 40EC9701217BC24F009AE660 /* Build configuration list for PBXNativeTarget "MDBProviderTests" */;
			buildPhases = (
				40EC96EF217BC24F009AE660 /* Sources */,
				40EC96F0217BC24F009AE660 /* Frameworks */,
				40EC96F1217BC24F009AE660 /* Resources */,
			);
			buildRules = (
			);
			dependencies = (
				40EC96F6217BC24F009AE660 /* PBXTargetDependency */,
			);
			name = MDBProviderTests;
			productName = MDBProviderTests;
			productReference = 40EC96F3217BC24F009AE660 /* MDBProviderTests.xctest */;
			productType = "com.apple.product-type.bundle.unit-test";
		};
/* End PBXNativeTarget section */

/* Begin PBXProject section */
		40EC96E1217BC24E009AE660 /* Project object */ = {
			isa = PBXProject;
			attributes = {
				LastSwiftUpdateCheck = 1000;
				LastUpgradeCheck = 1000;
				ORGANIZATIONNAME = "Vladimir Abramichev";
				TargetAttributes = {
					40EC96E9217BC24E009AE660 = {
						CreatedOnToolsVersion = 10.0;
						LastSwiftMigration = 1000;
					};
					40EC96F2217BC24F009AE660 = {
						CreatedOnToolsVersion = 10.0;
					};
				};
			};
			buildConfigurationList = 40EC96E4217BC24E009AE660 /* Build configuration list for PBXProject "MDBProvider" */;
			compatibilityVersion = "Xcode 9.3";
			developmentRegion = en;
			hasScannedForEncodings = 0;
			knownRegions = (
				en,
			);
			mainGroup = 40EC96E0217BC24E009AE660;
			productRefGroup = 40EC96EB217BC24E009AE660 /* Products */;
			projectDirPath = "";
			projectRoot = "";
			targets = (
				40EC96E9217BC24E009AE660 /* MDBProvider */,
				40EC96F2217BC24F009AE660 /* MDBProviderTests */,
			);
		};
/* End PBXProject section */

/* Begin PBXResourcesBuildPhase section */
		40EC96E8217BC24E009AE660 /* Resources */ = {
			isa = PBXResourcesBuildPhase;
			buildActionMask = 2147483647;
			files = (
				40F82184217D0F3C00B55CDF /* config.plist in Resources */,
				40FD56D221825D32007BACD7 /* *.tmdb.org.cer in Resources */,
				40F8226C217E85E900B55CDF /* *.themoviedb.org.cer in Resources */,
			);
			runOnlyForDeploymentPostprocessing = 0;
		};
		40EC96F1217BC24F009AE660 /* Resources */ = {
			isa = PBXResourcesBuildPhase;
			buildActionMask = 2147483647;
			files = (
			);
			runOnlyForDeploymentPostprocessing = 0;
		};
/* End PBXResourcesBuildPhase section */

/* Begin PBXSourcesBuildPhase section */
		40EC96E6217BC24E009AE660 /* Sources */ = {
			isa = PBXSourcesBuildPhase;
			buildActionMask = 2147483647;
			files = (
				40F8217A217CF30600B55CDF /* MDBProvider.swift in Sources */,
				40F8217D217D061800B55CDF /* SecureSeeeion.swift in Sources */,
				40FD56CE2181FB77007BACD7 /* ImageLoader.swift in Sources */,
				40EC970C217BC4E9009AE660 /* Search.swift in Sources */,
				40A89BAB217FB8210024948F /* GetMovie.swift in Sources */,
				40F8218A217D176E00B55CDF /* Response.swift in Sources */,
				40F82181217D0D2500B55CDF /* EnvironmentConfiguration.swift in Sources */,
				40A89BAD217FB9410024948F /* Parsable.swift in Sources */,
				40EC9709217BC4A8009AE660 /* NowPlaying.swift in Sources */,
				40EC9705217BC40D009AE660 /* Endpoint.swift in Sources */,
				40F82188217D161D00B55CDF /* Movie.swift in Sources */,
				40A89BA9217FB7A60024948F /* MovieDetails.swift in Sources */,
			);
			runOnlyForDeploymentPostprocessing = 0;
		};
		40EC96EF217BC24F009AE660 /* Sources */ = {
			isa = PBXSourcesBuildPhase;
			buildActionMask = 2147483647;
			files = (
				40FD56D021824F58007BACD7 /* EndpointUrlBuilderTest.swift in Sources */,
				40EC96F9217BC24F009AE660 /* MDBProviderTests.swift in Sources */,
			);
			runOnlyForDeploymentPostprocessing = 0;
		};
/* End PBXSourcesBuildPhase section */

/* Begin PBXTargetDependency section */
		40EC96F6217BC24F009AE660 /* PBXTargetDependency */ = {
			isa = PBXTargetDependency;
			target = 40EC96E9217BC24E009AE660 /* MDBProvider */;
			targetProxy = 40EC96F5217BC24F009AE660 /* PBXContainerItemProxy */;
		};
/* End PBXTargetDependency section */

/* Begin XCBuildConfiguration section */
		40EC96FC217BC24F009AE660 /* Debug */ = {
			isa = XCBuildConfiguration;
			buildSettings = {
				ALWAYS_SEARCH_USER_PATHS = NO;
				CLANG_ANALYZER_NONNULL = YES;
				CLANG_ANALYZER_NUMBER_OBJECT_CONVERSION = YES_AGGRESSIVE;
				CLANG_CXX_LANGUAGE_STANDARD = "gnu++14";
				CLANG_CXX_LIBRARY = "libc++";
				CLANG_ENABLE_MODULES = YES;
				CLANG_ENABLE_OBJC_ARC = YES;
				CLANG_ENABLE_OBJC_WEAK = YES;
				CLANG_WARN_BLOCK_CAPTURE_AUTORELEASING = YES;
				CLANG_WARN_BOOL_CONVERSION = YES;
				CLANG_WARN_COMMA = YES;
				CLANG_WARN_CONSTANT_CONVERSION = YES;
				CLANG_WARN_DEPRECATED_OBJC_IMPLEMENTATIONS = YES;
				CLANG_WARN_DIRECT_OBJC_ISA_USAGE = YES_ERROR;
				CLANG_WARN_DOCUMENTATION_COMMENTS = YES;
				CLANG_WARN_EMPTY_BODY = YES;
				CLANG_WARN_ENUM_CONVERSION = YES;
				CLANG_WARN_INFINITE_RECURSION = YES;
				CLANG_WARN_INT_CONVERSION = YES;
				CLANG_WARN_NON_LITERAL_NULL_CONVERSION = YES;
				CLANG_WARN_OBJC_IMPLICIT_RETAIN_SELF = YES;
				CLANG_WARN_OBJC_LITERAL_CONVERSION = YES;
				CLANG_WARN_OBJC_ROOT_CLASS = YES_ERROR;
				CLANG_WARN_RANGE_LOOP_ANALYSIS = YES;
				CLANG_WARN_STRICT_PROTOTYPES = YES;
				CLANG_WARN_SUSPICIOUS_MOVE = YES;
				CLANG_WARN_UNGUARDED_AVAILABILITY = YES_AGGRESSIVE;
				CLANG_WARN_UNREACHABLE_CODE = YES;
				CLANG_WARN__DUPLICATE_METHOD_MATCH = YES;
				CODE_SIGN_IDENTITY = "iPhone Developer";
				COPY_PHASE_STRIP = NO;
				CURRENT_PROJECT_VERSION = 1;
				DEBUG_INFORMATION_FORMAT = dwarf;
				ENABLE_STRICT_OBJC_MSGSEND = YES;
				ENABLE_TESTABILITY = YES;
				GCC_C_LANGUAGE_STANDARD = gnu11;
				GCC_DYNAMIC_NO_PIC = NO;
				GCC_NO_COMMON_BLOCKS = YES;
				GCC_OPTIMIZATION_LEVEL = 0;
				GCC_PREPROCESSOR_DEFINITIONS = (
					"DEBUG=1",
					"$(inherited)",
				);
				GCC_WARN_64_TO_32_BIT_CONVERSION = YES;
				GCC_WARN_ABOUT_RETURN_TYPE = YES_ERROR;
				GCC_WARN_UNDECLARED_SELECTOR = YES;
				GCC_WARN_UNINITIALIZED_AUTOS = YES_AGGRESSIVE;
				GCC_WARN_UNUSED_FUNCTION = YES;
				GCC_WARN_UNUSED_VARIABLE = YES;
				IPHONEOS_DEPLOYMENT_TARGET = 10.0;
				MTL_ENABLE_DEBUG_INFO = INCLUDE_SOURCE;
				MTL_FAST_MATH = YES;
				ONLY_ACTIVE_ARCH = YES;
				SDKROOT = iphoneos;
				SWIFT_ACTIVE_COMPILATION_CONDITIONS = DEBUG;
				SWIFT_OPTIMIZATION_LEVEL = "-Onone";
				VERSIONING_SYSTEM = "apple-generic";
				VERSION_INFO_PREFIX = "";
			};
			name = Debug;
		};
		40EC96FD217BC24F009AE660 /* Release */ = {
			isa = XCBuildConfiguration;
			buildSettings = {
				ALWAYS_SEARCH_USER_PATHS = NO;
				CLANG_ANALYZER_NONNULL = YES;
				CLANG_ANALYZER_NUMBER_OBJECT_CONVERSION = YES_AGGRESSIVE;
				CLANG_CXX_LANGUAGE_STANDARD = "gnu++14";
				CLANG_CXX_LIBRARY = "libc++";
				CLANG_ENABLE_MODULES = YES;
				CLANG_ENABLE_OBJC_ARC = YES;
				CLANG_ENABLE_OBJC_WEAK = YES;
				CLANG_WARN_BLOCK_CAPTURE_AUTORELEASING = YES;
				CLANG_WARN_BOOL_CONVERSION = YES;
				CLANG_WARN_COMMA = YES;
				CLANG_WARN_CONSTANT_CONVERSION = YES;
				CLANG_WARN_DEPRECATED_OBJC_IMPLEMENTATIONS = YES;
				CLANG_WARN_DIRECT_OBJC_ISA_USAGE = YES_ERROR;
				CLANG_WARN_DOCUMENTATION_COMMENTS = YES;
				CLANG_WARN_EMPTY_BODY = YES;
				CLANG_WARN_ENUM_CONVERSION = YES;
				CLANG_WARN_INFINITE_RECURSION = YES;
				CLANG_WARN_INT_CONVERSION = YES;
				CLANG_WARN_NON_LITERAL_NULL_CONVERSION = YES;
				CLANG_WARN_OBJC_IMPLICIT_RETAIN_SELF = YES;
				CLANG_WARN_OBJC_LITERAL_CONVERSION = YES;
				CLANG_WARN_OBJC_ROOT_CLASS = YES_ERROR;
				CLANG_WARN_RANGE_LOOP_ANALYSIS = YES;
				CLANG_WARN_STRICT_PROTOTYPES = YES;
				CLANG_WARN_SUSPICIOUS_MOVE = YES;
				CLANG_WARN_UNGUARDED_AVAILABILITY = YES_AGGRESSIVE;
				CLANG_WARN_UNREACHABLE_CODE = YES;
				CLANG_WARN__DUPLICATE_METHOD_MATCH = YES;
				CODE_SIGN_IDENTITY = "iPhone Developer";
				COPY_PHASE_STRIP = NO;
				CURRENT_PROJECT_VERSION = 1;
				DEBUG_INFORMATION_FORMAT = "dwarf-with-dsym";
				ENABLE_NS_ASSERTIONS = NO;
				ENABLE_STRICT_OBJC_MSGSEND = YES;
				GCC_C_LANGUAGE_STANDARD = gnu11;
				GCC_NO_COMMON_BLOCKS = YES;
				GCC_WARN_64_TO_32_BIT_CONVERSION = YES;
				GCC_WARN_ABOUT_RETURN_TYPE = YES_ERROR;
				GCC_WARN_UNDECLARED_SELECTOR = YES;
				GCC_WARN_UNINITIALIZED_AUTOS = YES_AGGRESSIVE;
				GCC_WARN_UNUSED_FUNCTION = YES;
				GCC_WARN_UNUSED_VARIABLE = YES;
				IPHONEOS_DEPLOYMENT_TARGET = 10.0;
				MTL_ENABLE_DEBUG_INFO = NO;
				MTL_FAST_MATH = YES;
				SDKROOT = iphoneos;
				SWIFT_COMPILATION_MODE = wholemodule;
				SWIFT_OPTIMIZATION_LEVEL = "-O";
				VALIDATE_PRODUCT = YES;
				VERSIONING_SYSTEM = "apple-generic";
				VERSION_INFO_PREFIX = "";
			};
			name = Release;
		};
		40EC96FF217BC24F009AE660 /* Debug */ = {
			isa = XCBuildConfiguration;
			buildSettings = {
				CLANG_ENABLE_MODULES = YES;
				CODE_SIGN_IDENTITY = "";
				CODE_SIGN_STYLE = Automatic;
				DEFINES_MODULE = YES;
				DEVELOPMENT_TEAM = R596F9CQZ5;
				DYLIB_COMPATIBILITY_VERSION = 1;
				DYLIB_CURRENT_VERSION = 1;
				DYLIB_INSTALL_NAME_BASE = "@rpath";
				INFOPLIST_FILE = MDBProvider/Info.plist;
				INSTALL_PATH = "$(LOCAL_LIBRARY_DIR)/Frameworks";
				IPHONEOS_DEPLOYMENT_TARGET = 9.0;
				LD_RUNPATH_SEARCH_PATHS = (
					"$(inherited)",
					"@executable_path/Frameworks",
					"@loader_path/Frameworks",
				);
				PRODUCT_BUNDLE_IDENTIFIER = com.descorp.MDBProvider;
				PRODUCT_NAME = "$(TARGET_NAME:c99extidentifier)";
				SKIP_INSTALL = YES;
				SWIFT_OPTIMIZATION_LEVEL = "-Onone";
				SWIFT_VERSION = 4.2;
				TARGETED_DEVICE_FAMILY = "1,2";
			};
			name = Debug;
		};
		40EC9700217BC24F009AE660 /* Release */ = {
			isa = XCBuildConfiguration;
			buildSettings = {
				CLANG_ENABLE_MODULES = YES;
				CODE_SIGN_IDENTITY = "";
				CODE_SIGN_STYLE = Automatic;
				DEFINES_MODULE = YES;
				DEVELOPMENT_TEAM = R596F9CQZ5;
				DYLIB_COMPATIBILITY_VERSION = 1;
				DYLIB_CURRENT_VERSION = 1;
				DYLIB_INSTALL_NAME_BASE = "@rpath";
				INFOPLIST_FILE = MDBProvider/Info.plist;
				INSTALL_PATH = "$(LOCAL_LIBRARY_DIR)/Frameworks";
				IPHONEOS_DEPLOYMENT_TARGET = 9.0;
				LD_RUNPATH_SEARCH_PATHS = (
					"$(inherited)",
					"@executable_path/Frameworks",
					"@loader_path/Frameworks",
				);
				PRODUCT_BUNDLE_IDENTIFIER = com.descorp.MDBProvider;
				PRODUCT_NAME = "$(TARGET_NAME:c99extidentifier)";
				SKIP_INSTALL = YES;
				SWIFT_VERSION = 4.2;
				TARGETED_DEVICE_FAMILY = "1,2";
			};
			name = Release;
		};
		40EC9702217BC24F009AE660 /* Debug */ = {
			isa = XCBuildConfiguration;
			buildSettings = {
				ALWAYS_EMBED_SWIFT_STANDARD_LIBRARIES = YES;
				CODE_SIGN_STYLE = Automatic;
				DEVELOPMENT_TEAM = R596F9CQZ5;
				INFOPLIST_FILE = MDBProviderTests/Info.plist;
				LD_RUNPATH_SEARCH_PATHS = (
					"$(inherited)",
					"@executable_path/Frameworks",
					"@loader_path/Frameworks",
				);
				PRODUCT_BUNDLE_IDENTIFIER = com.descorp.MDBProviderTests;
				PRODUCT_NAME = "$(TARGET_NAME)";
				SWIFT_VERSION = 4.2;
				TARGETED_DEVICE_FAMILY = "1,2";
			};
			name = Debug;
		};
		40EC9703217BC24F009AE660 /* Release */ = {
			isa = XCBuildConfiguration;
			buildSettings = {
				ALWAYS_EMBED_SWIFT_STANDARD_LIBRARIES = YES;
				CODE_SIGN_STYLE = Automatic;
				DEVELOPMENT_TEAM = R596F9CQZ5;
				INFOPLIST_FILE = MDBProviderTests/Info.plist;
				LD_RUNPATH_SEARCH_PATHS = (
					"$(inherited)",
					"@executable_path/Frameworks",
					"@loader_path/Frameworks",
				);
				PRODUCT_BUNDLE_IDENTIFIER = com.descorp.MDBProviderTests;
				PRODUCT_NAME = "$(TARGET_NAME)";
				SWIFT_VERSION = 4.2;
				TARGETED_DEVICE_FAMILY = "1,2";
			};
			name = Release;
		};
/* End XCBuildConfiguration section */

/* Begin XCConfigurationList section */
		40EC96E4217BC24E009AE660 /* Build configuration list for PBXProject "MDBProvider" */ = {
			isa = XCConfigurationList;
			buildConfigurations = (
				40EC96FC217BC24F009AE660 /* Debug */,
				40EC96FD217BC24F009AE660 /* Release */,
			);
			defaultConfigurationIsVisible = 0;
			defaultConfigurationName = Release;
		};
		40EC96FE217BC24F009AE660 /* Build configuration list for PBXNativeTarget "MDBProvider" */ = {
			isa = XCConfigurationList;
			buildConfigurations = (
				40EC96FF217BC24F009AE660 /* Debug */,
				40EC9700217BC24F009AE660 /* Release */,
			);
			defaultConfigurationIsVisible = 0;
			defaultConfigurationName = Release;
		};
		40EC9701217BC24F009AE660 /* Build configuration list for PBXNativeTarget "MDBProviderTests" */ = {
			isa = XCConfigurationList;
			buildConfigurations = (
				40EC9702217BC24F009AE660 /* Debug */,
				40EC9703217BC24F009AE660 /* Release */,
			);
			defaultConfigurationIsVisible = 0;
			defaultConfigurationName = Release;
		};
/* End XCConfigurationList section */
	};
	rootObject = 40EC96E1217BC24E009AE660 /* Project object */;
}
